
Microsoft Visual Studio Solution File, Format Version 12.00
# Visual Studio 2012
Project("{FAE04EC0-301F-11D3-BF4B-00C04F79EFBC}") = "DoAnQuanLySach", "DoAnQuanLySach\DoAnQuanLySach.csproj", "{45D4BD82-BAAD-4DA5-AF85-CC1BC3FD0E2A}"
EndProject
Project("{FAE04EC0-301F-11D3-BF4B-00C04F79EFBC}") = "MyLiBrary", "MyLiBrary\MyLiBrary.csproj", "{9C5742A2-7C76-4CBD-B170-7A93718764EA}"
EndProject
Global
	GlobalSection(SolutionConfigurationPlatforms) = preSolution
		Debug|Any CPU = Debug|Any CPU
		Release|Any CPU = Release|Any CPU
	EndGlobalSection
	GlobalSection(ProjectConfigurationPlatforms) = postSolution
		{45D4BD82-BAAD-4DA5-AF85-CC1BC3FD0E2A}.Debug|Any CPU.ActiveCfg = Debug|Any CPU
		{45D4BD82-BAAD-4DA5-AF85-CC1BC3FD0E2A}.Debug|Any CPU.Build.0 = Debug|Any CPU
		{45D4BD82-BAAD-4DA5-AF85-CC1BC3FD0E2A}.Release|Any CPU.ActiveCfg = Release|Any CPU
		{45D4BD82-BAAD-4DA5-AF85-CC1BC3FD0E2A}.Release|Any CPU.Build.0 = Release|Any CPU
		{9C5742A2-7C76-4CBD-B170-7A93718764EA}.Debug|Any CPU.ActiveCfg = Debug|Any CPU
		{9C5742A2-7C76-4CBD-B170-7A93718764EA}.Debug|Any CPU.Build.0 = Debug|Any CPU
		{9C5742A2-7C76-4CBD-B170-7A93718764EA}.Release|Any CPU.ActiveCfg = Release|Any CPU
		{9C5742A2-7C76-4CBD-B170-7A93718764EA}.Release|Any CPU.Build.0 = Release|Any CPU
	EndGlobalSection
	GlobalSection(SolutionProperties) = preSolution
		HideSolutionNode = FALSE
	EndGlobalSection
EndGlobal
